
Microsoft Visual Studio Solution File, Format Version 12.00
# Visual Studio Version 17
VisualStudioVersion = 17.10.35122.118
MinimumVisualStudioVersion = 10.0.40219.1
Project("{FAE04EC0-301F-11D3-BF4B-00C04F79EFBC}") = "Telex.Messaging.Api", "Telex.Messaging.Api\Telex.Messaging.Api.csproj", "{AD59DA25-56CC-415E-AFC2-FF34CDA5F32B}"
EndProject
Project("{FAE04EC0-301F-11D3-BF4B-00C04F79EFBC}") = "Telex.Messaging.Workers", "Telex.Messaging.Workers\Telex.Messaging.Workers.csproj", "{B194AEE8-EFEE-4242-BEF6-B71428158EB7}"
EndProject
Project("{FAE04EC0-301F-11D3-BF4B-00C04F79EFBC}") = "SharedModels", "SharedModels\SharedModels.csproj", "{C3618048-080A-44DB-9124-31EC1DA73114}"
EndProject
Global
	GlobalSection(SolutionConfigurationPlatforms) = preSolution
		Debug|Any CPU = Debug|Any CPU
		Release|Any CPU = Release|Any CPU
	EndGlobalSection
	GlobalSection(ProjectConfigurationPlatforms) = postSolution
		{AD59DA25-56CC-415E-AFC2-FF34CDA5F32B}.Debug|Any CPU.ActiveCfg = Debug|Any CPU
		{AD59DA25-56CC-415E-AFC2-FF34CDA5F32B}.Debug|Any CPU.Build.0 = Debug|Any CPU
		{AD59DA25-56CC-415E-AFC2-FF34CDA5F32B}.Release|Any CPU.ActiveCfg = Release|Any CPU
		{AD59DA25-56CC-415E-AFC2-FF34CDA5F32B}.Release|Any CPU.Build.0 = Release|Any CPU
		{B194AEE8-EFEE-4242-BEF6-B71428158EB7}.Debug|Any CPU.ActiveCfg = Debug|Any CPU
		{B194AEE8-EFEE-4242-BEF6-B71428158EB7}.Debug|Any CPU.Build.0 = Debug|Any CPU
		{B194AEE8-EFEE-4242-BEF6-B71428158EB7}.Release|Any CPU.ActiveCfg = Release|Any CPU
		{B194AEE8-EFEE-4242-BEF6-B71428158EB7}.Release|Any CPU.Build.0 = Release|Any CPU
		{C3618048-080A-44DB-9124-31EC1DA73114}.Debug|Any CPU.ActiveCfg = Debug|Any CPU
		{C3618048-080A-44DB-9124-31EC1DA73114}.Debug|Any CPU.Build.0 = Debug|Any CPU
		{C3618048-080A-44DB-9124-31EC1DA73114}.Release|Any CPU.ActiveCfg = Release|Any CPU
		{C3618048-080A-44DB-9124-31EC1DA73114}.Release|Any CPU.Build.0 = Release|Any CPU
	EndGlobalSection
	GlobalSection(SolutionProperties) = preSolution
		HideSolutionNode = FALSE
	EndGlobalSection
	GlobalSection(ExtensibilityGlobals) = postSolution
		SolutionGuid = {336A8BCA-F1BA-4A01-83EF-B3E6B20D6978}
	EndGlobalSection
EndGlobal
